{
  "nodes": {
    "flake-utils": {
      "locked": {
        "lastModified": 1614513358,
        "narHash": "sha256-LakhOx3S1dRjnh0b5Dg3mbZyH0ToC9I8Y2wKSkBaTzU=",
        "owner": "numtide",
        "repo": "flake-utils",
        "rev": "5466c5bbece17adaab2d82fae80b46e807611bf3",
        "type": "github"
      },
      "original": {
        "owner": "numtide",
        "repo": "flake-utils",
        "type": "github"
      }
    },
    "nixpkgs": {
      "locked": {
        "lastModified": 1616863217,
        "narHash": "sha256-UI1iem5xpxePEmd3vtOeDZik3aBH1xGLkO1Tn694Fvw=",
        "owner": "NixOS",
        "repo": "nixpkgs",
        "rev": "dc2870a606a7a5a6aeb387ddab78e02cbe41924b",
        "type": "github"
      },
      "original": {
        "owner": "NixOS",
        "ref": "nixos-20.09",
        "repo": "nixpkgs",
        "type": "github"
      }
    },
    "root": {
      "inputs": {
        "nixpkgs": "nixpkgs",
        "vitalpkgs": "vitalpkgs"
      }
    },
    "vitalpkgs": {
      "inputs": {
        "flake-utils": "flake-utils",
        "nixpkgs": [
          "nixpkgs"
        ]
      },
      "locked": {
        "lastModified": 1620974548,
        "narHash": "sha256-XUWNVnWXzEzcgy8oVmTDClsOAnYnqwNEXD1kaZPa6Wg=",
        "owner": "nixvital",
        "repo": "vitalpkgs",
        "rev": "f763cae2263b8b2b09bd188c69dbfc39e88e2de4",
        "type": "github"
      },
      "original": {
        "owner": "nixvital",
        "repo": "vitalpkgs",
        "rev": "f763cae2263b8b2b09bd188c69dbfc39e88e2de4",
        "type": "github"
      }
    }
  },
  "root": "root",
  "version": 7
}
